
Microsoft Visual Studio Solution File, Format Version 12.00
# Visual Studio Version 16
VisualStudioVersion = 16.0.29728.190
MinimumVisualStudioVersion = 10.0.40219.1
Project("{FAE04EC0-301F-11D3-BF4B-00C04F79EFBC}") = "Task1_3", "Task1\Task1_3.csproj", "{478F9188-9481-442C-8714-A2C3A8F45701}"
EndProject
Project("{FAE04EC0-301F-11D3-BF4B-00C04F79EFBC}") = "Task4", "Task4\Task4.csproj", "{69840B8E-E11E-4686-BDF3-72565CA2924E}"
EndProject
Project("{FAE04EC0-301F-11D3-BF4B-00C04F79EFBC}") = "Task5", "Task5\Task5.csproj", "{4AF59A59-3A5E-443A-A829-CFED3B709D30}"
EndProject
Project("{FAE04EC0-301F-11D3-BF4B-00C04F79EFBC}") = "Task6", "Task6\Task6.csproj", "{03C38362-939A-4AC9-9EAD-C1C66F56F4B8}"
EndProject
Project("{FAE04EC0-301F-11D3-BF4B-00C04F79EFBC}") = "Task7", "Task7\Task7.csproj", "{E1E77011-24B8-4C45-81A8-F953306B5E41}"
EndProject
Global
	GlobalSection(SolutionConfigurationPlatforms) = preSolution
		Debug|Any CPU = Debug|Any CPU
		Release|Any CPU = Release|Any CPU
	EndGlobalSection
	GlobalSection(ProjectConfigurationPlatforms) = postSolution
		{478F9188-9481-442C-8714-A2C3A8F45701}.Debug|Any CPU.ActiveCfg = Debug|Any CPU
		{478F9188-9481-442C-8714-A2C3A8F45701}.Debug|Any CPU.Build.0 = Debug|Any CPU
		{478F9188-9481-442C-8714-A2C3A8F45701}.Release|Any CPU.ActiveCfg = Release|Any CPU
		{478F9188-9481-442C-8714-A2C3A8F45701}.Release|Any CPU.Build.0 = Release|Any CPU
		{69840B8E-E11E-4686-BDF3-72565CA2924E}.Debug|Any CPU.ActiveCfg = Debug|Any CPU
		{69840B8E-E11E-4686-BDF3-72565CA2924E}.Debug|Any CPU.Build.0 = Debug|Any CPU
		{69840B8E-E11E-4686-BDF3-72565CA2924E}.Release|Any CPU.ActiveCfg = Release|Any CPU
		{69840B8E-E11E-4686-BDF3-72565CA2924E}.Release|Any CPU.Build.0 = Release|Any CPU
		{4AF59A59-3A5E-443A-A829-CFED3B709D30}.Debug|Any CPU.ActiveCfg = Debug|Any CPU
		{4AF59A59-3A5E-443A-A829-CFED3B709D30}.Debug|Any CPU.Build.0 = Debug|Any CPU
		{4AF59A59-3A5E-443A-A829-CFED3B709D30}.Release|Any CPU.ActiveCfg = Release|Any CPU
		{4AF59A59-3A5E-443A-A829-CFED3B709D30}.Release|Any CPU.Build.0 = Release|Any CPU
		{03C38362-939A-4AC9-9EAD-C1C66F56F4B8}.Debug|Any CPU.ActiveCfg = Debug|Any CPU
		{03C38362-939A-4AC9-9EAD-C1C66F56F4B8}.Debug|Any CPU.Build.0 = Debug|Any CPU
		{03C38362-939A-4AC9-9EAD-C1C66F56F4B8}.Release|Any CPU.ActiveCfg = Release|Any CPU
		{03C38362-939A-4AC9-9EAD-C1C66F56F4B8}.Release|Any CPU.Build.0 = Release|Any CPU
		{E1E77011-24B8-4C45-81A8-F953306B5E41}.Debug|Any CPU.ActiveCfg = Debug|Any CPU
		{E1E77011-24B8-4C45-81A8-F953306B5E41}.Debug|Any CPU.Build.0 = Debug|Any CPU
		{E1E77011-24B8-4C45-81A8-F953306B5E41}.Release|Any CPU.ActiveCfg = Release|Any CPU
		{E1E77011-24B8-4C45-81A8-F953306B5E41}.Release|Any CPU.Build.0 = Release|Any CPU
	EndGlobalSection
	GlobalSection(SolutionProperties) = preSolution
		HideSolutionNode = FALSE
	EndGlobalSection
	GlobalSection(ExtensibilityGlobals) = postSolution
		SolutionGuid = {6CF51CDC-116E-4646-A695-2B5E2610D2F8}
	EndGlobalSection
EndGlobal
